// !$*UTF8*$!
{
	archiveVersion = 1;
	classes = {
	};
	objectVersion = 77;
	objects = {

/* Begin PBXBuildFile section */
		AB0000000000000000000022 /* CycleSenseWidgetExtension.appex in Embed Foundation Extensions */ = {isa = PBXBuildFile; fileRef = AB000000000000000000001D /* CycleSenseWidgetExtension.appex */; settings = {ATTRIBUTES = (RemoveHeadersOnCopy, ); }; };
/* End PBXBuildFile section */

/* Begin PBXCopyFilesBuildPhase section */
		AB0000000000000000000023 /* Embed Foundation Extensions */ = {
			isa = PBXCopyFilesBuildPhase;
			buildActionMask = 2147483647;
			dstPath = "";
			dstSubfolderSpec = 13;
			files = (
				AB0000000000000000000022 /* CycleSenseWidgetExtension.appex in Embed Foundation Extensions */,
			);
			name = "Embed Foundation Extensions";
			runOnlyForDeploymentPostprocessing = 0;
		};
/* End PBXCopyFilesBuildPhase section */

/* Begin PBXFileReference section */
		AB0000000000000000000004 /* CycleSense.app */ = {isa = PBXFileReference; explicitFileType = wrapper.application; includeInIndex = 0; path = CycleSense.app; sourceTree = BUILT_PRODUCTS_DIR; };
		AB0000000000000000000011 /* CycleSenseTests.xctest */ = {isa = PBXFileReference; explicitFileType = wrapper.cfbundle; includeInIndex = 0; path = CycleSenseTests.xctest; sourceTree = BUILT_PRODUCTS_DIR; };
		AB000000000000000000001D /* CycleSenseWidgetExtension.appex */ = {isa = PBXFileReference; explicitFileType = "wrapper.app-extension"; includeInIndex = 0; path = CycleSenseWidgetExtension.appex; sourceTree = BUILT_PRODUCTS_DIR; };
/* End PBXFileReference section */

/* Begin PBXFileSystemSynchronizedBuildFileExceptionSet section */
		AB000000000000000000002A /* Exceptions for "CycleSenseWidget" folder in "CycleSenseWidgetExtension" target */ = {
			isa = PBXFileSystemSynchronizedBuildFileExceptionSet;
			membershipExceptions = (
				Info.plist,
			);
			target = AB000000000000000000001C /* CycleSenseWidgetExtension */;
		};
/* End PBXFileSystemSynchronizedBuildFileExceptionSet section */

/* Begin PBXFileSystemSynchronizedRootGroup section */
		AB0000000000000000000001 /* CycleSense */ = {
			isa = PBXFileSystemSynchronizedRootGroup;
			explicitFileTypes = {
			};
			explicitFolders = (
			);
			path = CycleSense;
			sourceTree = "<group>";
		};
		AB0000000000000000000010 /* CycleSenseTests */ = {
			isa = PBXFileSystemSynchronizedRootGroup;
			explicitFileTypes = {
			};
			explicitFolders = (
			);
			path = CycleSenseTests;
			sourceTree = "<group>";
		};
		AB000000000000000000001A /* CycleSenseShared */ = {
			isa = PBXFileSystemSynchronizedRootGroup;
			explicitFileTypes = {
			};
			explicitFolders = (
			);
			path = CycleSenseShared;
			sourceTree = "<group>";
		};
		AB000000000000000000001B /* CycleSenseWidget */ = {
			isa = PBXFileSystemSynchronizedRootGroup;
			exceptions = (
				AB000000000000000000002A /* Exceptions for "CycleSenseWidget" folder in "CycleSenseWidgetExtension" target */,
			);
			explicitFileTypes = {
			};
			explicitFolders = (
			);
			path = CycleSenseWidget;
			sourceTree = "<group>";
		};
/* End PBXFileSystemSynchronizedRootGroup section */

/* Begin PBXFrameworksBuildPhase section */
		AB0000000000000000000005 /* Frameworks */ = {
			isa = PBXFrameworksBuildPhase;
			buildActionMask = 2147483647;
			files = (
			);
			runOnlyForDeploymentPostprocessing = 0;
		};
		AB0000000000000000000015 /* Frameworks */ = {
			isa = PBXFrameworksBuildPhase;
			buildActionMask = 2147483647;
			files = (
			);
			runOnlyForDeploymentPostprocessing = 0;
		};
		AB0000000000000000000020 /* Frameworks */ = {
			isa = PBXFrameworksBuildPhase;
			buildActionMask = 2147483647;
			files = (
			);
			runOnlyForDeploymentPostprocessing = 0;
		};
/* End PBXFrameworksBuildPhase section */

/* Begin PBXGroup section */
		AB0000000000000000000002 = {
			isa = PBXGroup;
			children = (
				AB0000000000000000000001 /* CycleSense */,
				AB000000000000000000001A /* CycleSenseShared */,
				AB000000000000000000001B /* CycleSenseWidget */,
				AB0000000000000000000010 /* CycleSenseTests */,
				AB0000000000000000000003 /* Products */,
			);
			sourceTree = "<group>";
		};
		AB0000000000000000000003 /* Products */ = {
			isa = PBXGroup;
			children = (
				AB0000000000000000000004 /* CycleSense.app */,
				AB0000000000000000000011 /* CycleSenseTests.xctest */,
				AB000000000000000000001D /* CycleSenseWidgetExtension.appex */,
			);
			name = Products;
			sourceTree = "<group>";
		};
/* End PBXGroup section */

/* Begin PBXNativeTarget section */
		AB0000000000000000000006 /* CycleSense */ = {
			isa = PBXNativeTarget;
			buildConfigurationList = AB0000000000000000000007 /* Build configuration list for PBXNativeTarget "CycleSense" */;
			buildPhases = (
				AB0000000000000000000008 /* Sources */,
				AB0000000000000000000005 /* Frameworks */,
				AB0000000000000000000009 /* Resources */,
				AB0000000000000000000023 /* Embed Foundation Extensions */,
			);
			buildRules = (
			);
			dependencies = (
				AB0000000000000000000024 /* PBXTargetDependency */,
			);
			fileSystemSynchronizedGroups = (
				AB0000000000000000000001 /* CycleSense */,
				AB000000000000000000001A /* CycleSenseShared */,
			);
			name = CycleSense;
			packageProductDependencies = (
			);
			productName = CycleSense;
			productReference = AB0000000000000000000004 /* CycleSense.app */;
			productType = "com.apple.product-type.application";
		};
		AB0000000000000000000012 /* CycleSenseTests */ = {
			isa = PBXNativeTarget;
			buildConfigurationList = AB0000000000000000000013 /* Build configuration list for PBXNativeTarget "CycleSenseTests" */;
			buildPhases = (
				AB0000000000000000000014 /* Sources */,
				AB0000000000000000000015 /* Frameworks */,
			);
			buildRules = (
			);
			dependencies = (
				AB0000000000000000000016 /* PBXTargetDependency */,
			);
			fileSystemSynchronizedGroups = (
				AB0000000000000000000010 /* CycleSenseTests */,
			);
			name = CycleSenseTests;
			packageProductDependencies = (
			);
			productName = CycleSenseTests;
			productReference = AB0000000000000000000011 /* CycleSenseTests.xctest */;
			productType = "com.apple.product-type.bundle.unit-test";
		};
		AB000000000000000000001C /* CycleSenseWidgetExtension */ = {
			isa = PBXNativeTarget;
			buildConfigurationList = AB000000000000000000001E /* Build configuration list for PBXNativeTarget "CycleSenseWidgetExtension" */;
			buildPhases = (
				AB000000000000000000001F /* Sources */,
				AB0000000000000000000020 /* Frameworks */,
				AB0000000000000000000021 /* Resources */,
			);
			buildRules = (
			);
			dependencies = (
			);
			fileSystemSynchronizedGroups = (
				AB000000000000000000001B /* CycleSenseWidget */,
				AB000000000000000000001A /* CycleSenseShared */,
			);
			name = CycleSenseWidgetExtension;
			packageProductDependencies = (
			);
			productName = CycleSenseWidgetExtension;
			productReference = AB000000000000000000001D /* CycleSenseWidgetExtension.appex */;
			productType = "com.apple.product-type.app-extension";
		};
/* End PBXNativeTarget section */

/* Begin PBXProject section */
		AB000000000000000000000A /* Project object */ = {
			isa = PBXProject;
			attributes = {
				BuildIndependentTargetsInParallel = 1;
				LastSwiftUpdateCheck = 1600;
				LastUpgradeCheck = 1600;
				TargetAttributes = {
					AB0000000000000000000006 = {
						CreatedOnToolsVersion = 16.0;
					};
					AB0000000000000000000012 = {
						CreatedOnToolsVersion = 16.0;
						TestTargetID = AB0000000000000000000006;
					};
					AB000000000000000000001C = {
						CreatedOnToolsVersion = 16.0;
					};
				};
			};
			buildConfigurationList = AB000000000000000000000B /* Build configuration list for PBXProject "CycleSense" */;
			developmentRegion = en;
			hasScannedForEncodings = 0;
			knownRegions = (
				en,
				Base,
			);
			mainGroup = AB0000000000000000000002;
			minimizedProjectReferenceProxies = 1;
			preferredProjectObjectVersion = 77;
			productRefGroup = AB0000000000000000000003 /* Products */;
			projectDirPath = "";
			projectRoot = "";
			targets = (
				AB0000000000000000000006 /* CycleSense */,
				AB0000000000000000000012 /* CycleSenseTests */,
				AB000000000000000000001C /* CycleSenseWidgetExtension */,
			);
		};
/* End PBXProject section */

/* Begin PBXResourcesBuildPhase section */
		AB0000000000000000000009 /* Resources */ = {
			isa = PBXResourcesBuildPhase;
			buildActionMask = 2147483647;
			files = (
			);
			runOnlyForDeploymentPostprocessing = 0;
		};
		AB0000000000000000000021 /* Resources */ = {
			isa = PBXResourcesBuildPhase;
			buildActionMask = 2147483647;
			files = (
			);
			runOnlyForDeploymentPostprocessing = 0;
		};
/* End PBXResourcesBuildPhase section */

/* Begin PBXSourcesBuildPhase section */
		AB0000000000000000000008 /* Sources */ = {
			isa = PBXSourcesBuildPhase;
			buildActionMask = 2147483647;
			files = (
			);
			runOnlyForDeploymentPostprocessing = 0;
		};
		AB0000000000000000000014 /* Sources */ = {
			isa = PBXSourcesBuildPhase;
			buildActionMask = 2147483647;
			files = (
			);
			runOnlyForDeploymentPostprocessing = 0;
		};
		AB000000000000000000001F /* Sources */ = {
			isa = PBXSourcesBuildPhase;
			buildActionMask = 2147483647;
			files = (
			);
			runOnlyForDeploymentPostprocessing = 0;
		};
/* End PBXSourcesBuildPhase section */

/* Begin PBXTargetDependency section */
		AB0000000000000000000016 /* PBXTargetDependency */ = {
			isa = PBXTargetDependency;
			target = AB0000000000000000000006 /* CycleSense */;
			targetProxy = AB0000000000000000000017 /* PBXContainerItemProxy */;
		};
		AB0000000000000000000024 /* PBXTargetDependency */ = {
			isa = PBXTargetDependency;
			target = AB000000000000000000001C /* CycleSenseWidgetExtension */;
			targetProxy = AB0000000000000000000025 /* PBXContainerItemProxy */;
		};
/* End PBXTargetDependency section */

/* Begin PBXContainerItemProxy section */
		AB0000000000000000000017 /* PBXContainerItemProxy */ = {
			isa = PBXContainerItemProxy;
			containerPortal = AB000000000000000000000A /* Project object */;
			proxyType = 1;
			remoteGlobalIDString = AB0000000000000000000006;
			remoteInfo = CycleSense;
		};
		AB0000000000000000000025 /* PBXContainerItemProxy */ = {
			isa = PBXContainerItemProxy;
			containerPortal = AB000000000000000000000A /* Project object */;
			proxyType = 1;
			remoteGlobalIDString = AB000000000000000000001C;
			remoteInfo = CycleSenseWidgetExtension;
		};
/* End PBXContainerItemProxy section */

/* Begin XCBuildConfiguration section */
		AB000000000000000000000C /* Debug */ = {
			isa = XCBuildConfiguration;
			buildSettings = {
				ALWAYS_SEARCH_USER_PATHS = NO;
				ASSETCATALOG_COMPILER_GENERATE_SWIFT_ASSET_SYMBOL_EXTENSIONS = YES;
				CLANG_ANALYZER_NONNULL = YES;
				CLANG_ANALYZER_NUMBER_OBJECT_CONVERSION = YES_AGGRESSIVE;
				CLANG_CXX_LANGUAGE_STANDARD = "gnu++20";
				CLANG_ENABLE_MODULES = YES;
				CLANG_ENABLE_OBJC_ARC = YES;
				CLANG_ENABLE_OBJC_WEAK = YES;
				CLANG_WARN_BLOCK_CAPTURE_AUTORELEASING = YES;
				CLANG_WARN_BOOL_CONVERSION = YES;
				CLANG_WARN_COMMA = YES;
				CLANG_WARN_CONSTANT_CONVERSION = YES;
				CLANG_WARN_DEPRECATED_OBJC_IMPLEMENTATIONS = YES;
				CLANG_WARN_DIRECT_OBJC_ISA_USAGE = YES_ERROR;
				CLANG_WARN_DOCUMENTATION_COMMENTS = YES;
				CLANG_WARN_EMPTY_BODY = YES;
				CLANG_WARN_ENUM_CONVERSION = YES;
				CLANG_WARN_INFINITE_RECURSION = YES;
				CLANG_WARN_INT_CONVERSION = YES;
				CLANG_WARN_NON_LITERAL_NULL_CONVERSION = YES;
				CLANG_WARN_OBJC_IMPLICIT_RETAIN_SELF = YES;
				CLANG_WARN_OBJC_LITERAL_CONVERSION = YES;
				CLANG_WARN_OBJC_ROOT_CLASS = YES_ERROR;
				CLANG_WARN_QUOTED_INCLUDE_IN_FRAMEWORK_HEADER = YES;
				CLANG_WARN_RANGE_LOOP_ANALYSIS = YES;
				CLANG_WARN_STRICT_PROTOTYPES = YES;
				CLANG_WARN_SUSPICIOUS_MOVE = YES;
				CLANG_WARN_UNGUARDED_AVAILABILITY = YES_AGGRESSIVE;
				CLANG_WARN_UNREACHABLE_CODE = YES;
				CLANG_WARN__DUPLICATE_METHOD_MATCH = YES;
				COPY_PHASE_STRIP = NO;
				DEBUG_INFORMATION_FORMAT = dwarf;
				ENABLE_STRICT_OBJC_MSGSEND = YES;
				ENABLE_TESTABILITY = YES;
				ENABLE_USER_SCRIPT_SANDBOXING = YES;
				GCC_C_LANGUAGE_STANDARD = gnu17;
				GCC_DYNAMIC_NO_PIC = NO;
				GCC_NO_COMMON_BLOCKS = YES;
				GCC_OPTIMIZATION_LEVEL = 0;
				GCC_PREPROCESSOR_DEFINITIONS = (
					"DEBUG=1",
					"$(inherited)",
				);
				GCC_WARN_64_TO_32_BIT_CONVERSION = YES;
				GCC_WARN_ABOUT_RETURN_TYPE = YES_ERROR;
				GCC_WARN_UNDECLARED_SELECTOR = YES;
				GCC_WARN_UNINITIALIZED_AUTOS = YES_AGGRESSIVE;
				GCC_WARN_UNUSED_FUNCTION = YES;
				GCC_WARN_UNUSED_VARIABLE = YES;
				IPHONEOS_DEPLOYMENT_TARGET = 18.0;
				LOCALIZATION_PREFERS_STRING_CATALOGS = YES;
				MTL_ENABLE_DEBUG_INFO = INCLUDE_SOURCE;
				MTL_FAST_MATH = YES;
				ONLY_ACTIVE_ARCH = YES;
				SDKROOT = iphoneos;
				SWIFT_ACTIVE_COMPILATION_CONDITIONS = "DEBUG $(inherited)";
				SWIFT_OPTIMIZATION_LEVEL = "-Onone";
			};
			name = Debug;
		};
		AB000000000000000000000D /* Release */ = {
			isa = XCBuildConfiguration;
			buildSettings = {
				ALWAYS_SEARCH_USER_PATHS = NO;
				ASSETCATALOG_COMPILER_GENERATE_SWIFT_ASSET_SYMBOL_EXTENSIONS = YES;
				CLANG_ANALYZER_NONNULL = YES;
				CLANG_ANALYZER_NUMBER_OBJECT_CONVERSION = YES_AGGRESSIVE;
				CLANG_CXX_LANGUAGE_STANDARD = "gnu++20";
				CLANG_ENABLE_MODULES = YES;
				CLANG_ENABLE_OBJC_ARC = YES;
				CLANG_ENABLE_OBJC_WEAK = YES;
				CLANG_WARN_BLOCK_CAPTURE_AUTORELEASING = YES;
				CLANG_WARN_BOOL_CONVERSION = YES;
				CLANG_WARN_COMMA = YES;
				CLANG_WARN_CONSTANT_CONVERSION = YES;
				CLANG_WARN_DEPRECATED_OBJC_IMPLEMENTATIONS = YES;
				CLANG_WARN_DIRECT_OBJC_ISA_USAGE = YES_ERROR;
				CLANG_WARN_DOCUMENTATION_COMMENTS = YES;
				CLANG_WARN_EMPTY_BODY = YES;
				CLANG_WARN_ENUM_CONVERSION = YES;
				CLANG_WARN_INFINITE_RECURSION = YES;
				CLANG_WARN_INT_CONVERSION = YES;
				CLANG_WARN_NON_LITERAL_NULL_CONVERSION = YES;
				CLANG_WARN_OBJC_IMPLICIT_RETAIN_SELF = YES;
				CLANG_WARN_OBJC_LITERAL_CONVERSION = YES;
				CLANG_WARN_OBJC_ROOT_CLASS = YES_ERROR;
				CLANG_WARN_QUOTED_INCLUDE_IN_FRAMEWORK_HEADER = YES;
				CLANG_WARN_RANGE_LOOP_ANALYSIS = YES;
				CLANG_WARN_STRICT_PROTOTYPES = YES;
				CLANG_WARN_SUSPICIOUS_MOVE = YES;
				CLANG_WARN_UNGUARDED_AVAILABILITY = YES_AGGRESSIVE;
				CLANG_WARN_UNREACHABLE_CODE = YES;
				CLANG_WARN__DUPLICATE_METHOD_MATCH = YES;
				COPY_PHASE_STRIP = NO;
				DEBUG_INFORMATION_FORMAT = "dwarf-with-dsym";
				ENABLE_NS_ASSERTIONS = NO;
				ENABLE_STRICT_OBJC_MSGSEND = YES;
				ENABLE_USER_SCRIPT_SANDBOXING = YES;
				GCC_C_LANGUAGE_STANDARD = gnu17;
				GCC_NO_COMMON_BLOCKS = YES;
				GCC_WARN_64_TO_32_BIT_CONVERSION = YES;
				GCC_WARN_ABOUT_RETURN_TYPE = YES_ERROR;
				GCC_WARN_UNDECLARED_SELECTOR = YES;
				GCC_WARN_UNINITIALIZED_AUTOS = YES_AGGRESSIVE;
				GCC_WARN_UNUSED_FUNCTION = YES;
				GCC_WARN_UNUSED_VARIABLE = YES;
				IPHONEOS_DEPLOYMENT_TARGET = 18.0;
				LOCALIZATION_PREFERS_STRING_CATALOGS = YES;
				MTL_ENABLE_DEBUG_INFO = NO;
				MTL_FAST_MATH = YES;
				SDKROOT = iphoneos;
				SWIFT_COMPILATION_MODE = wholemodule;
				VALIDATE_PRODUCT = YES;
			};
			name = Release;
		};
		AB0000000000000000000018 /* Debug */ = {
			isa = XCBuildConfiguration;
			buildSettings = {
				BUNDLE_LOADER = "$(TEST_HOST)";
				CODE_SIGN_STYLE = Automatic;
				CURRENT_PROJECT_VERSION = 1;
				GENERATE_INFOPLIST_FILE = YES;
				IPHONEOS_DEPLOYMENT_TARGET = 18.0;
				MARKETING_VERSION = 1.0;
				PRODUCT_BUNDLE_IDENTIFIER = com.example.CycleSenseTests;
				PRODUCT_NAME = "$(TARGET_NAME)";
				SWIFT_EMIT_LOC_STRINGS = NO;
				SWIFT_VERSION = 5.0;
				TARGETED_DEVICE_FAMILY = "1,2";
				TEST_HOST = "$(BUILT_PRODUCTS_DIR)/CycleSense.app/$(BUNDLE_EXECUTABLE_FOLDER_PATH)/CycleSense";
			};
			name = Debug;
		};
		AB0000000000000000000019 /* Release */ = {
			isa = XCBuildConfiguration;
			buildSettings = {
				BUNDLE_LOADER = "$(TEST_HOST)";
				CODE_SIGN_STYLE = Automatic;
				CURRENT_PROJECT_VERSION = 1;
				GENERATE_INFOPLIST_FILE = YES;
				IPHONEOS_DEPLOYMENT_TARGET = 18.0;
				MARKETING_VERSION = 1.0;
				PRODUCT_BUNDLE_IDENTIFIER = com.example.CycleSenseTests;
				PRODUCT_NAME = "$(TARGET_NAME)";
				SWIFT_EMIT_LOC_STRINGS = NO;
				SWIFT_VERSION = 5.0;
				TARGETED_DEVICE_FAMILY = "1,2";
				TEST_HOST = "$(BUILT_PRODUCTS_DIR)/CycleSense.app/$(BUNDLE_EXECUTABLE_FOLDER_PATH)/CycleSense";
			};
			name = Release;
		};
		AB0000000000000000000026 /* Debug */ = {
			isa = XCBuildConfiguration;
			buildSettings = {
				ASSETCATALOG_COMPILER_GLOBAL_ACCENT_COLOR_NAME = AccentColor;
				CODE_SIGN_ENTITLEMENTS = CycleSenseWidget/CycleSenseWidget.entitlements;
				CODE_SIGN_STYLE = Automatic;
				CURRENT_PROJECT_VERSION = 1;
				GENERATE_INFOPLIST_FILE = YES;
				INFOPLIST_FILE = CycleSenseWidget/Info.plist;
				INFOPLIST_KEY_CFBundleDisplayName = CycleSense;
				INFOPLIST_KEY_NSHumanReadableCopyright = "";
				IPHONEOS_DEPLOYMENT_TARGET = 18.0;
				LD_RUNPATH_SEARCH_PATHS = (
					"$(inherited)",
					"@executable_path/Frameworks",
					"@executable_path/../../Frameworks",
				);
				MARKETING_VERSION = 1.0;
				PRODUCT_BUNDLE_IDENTIFIER = com.example.CycleSense.CycleSenseWidget;
				PRODUCT_NAME = "$(TARGET_NAME)";
				SKIP_INSTALL = YES;
				SWIFT_EMIT_LOC_STRINGS = YES;
				SWIFT_VERSION = 5.0;
				TARGETED_DEVICE_FAMILY = "1,2";
			};
			name = Debug;
		};
		AB0000000000000000000027 /* Release */ = {
			isa = XCBuildConfiguration;
			buildSettings = {
				ASSETCATALOG_COMPILER_GLOBAL_ACCENT_COLOR_NAME = AccentColor;
				CODE_SIGN_ENTITLEMENTS = CycleSenseWidget/CycleSenseWidget.entitlements;
				CODE_SIGN_STYLE = Automatic;
				CURRENT_PROJECT_VERSION = 1;
				GENERATE_INFOPLIST_FILE = YES;
				INFOPLIST_FILE = CycleSenseWidget/Info.plist;
				INFOPLIST_KEY_CFBundleDisplayName = CycleSense;
				INFOPLIST_KEY_NSHumanReadableCopyright = "";
				IPHONEOS_DEPLOYMENT_TARGET = 18.0;
				LD_RUNPATH_SEARCH_PATHS = (
					"$(inherited)",
					"@executable_path/Frameworks",
					"@executable_path/../../Frameworks",
				);
				MARKETING_VERSION = 1.0;
				PRODUCT_BUNDLE_IDENTIFIER = com.example.CycleSense.CycleSenseWidget;
				PRODUCT_NAME = "$(TARGET_NAME)";
				SKIP_INSTALL = YES;
				SWIFT_EMIT_LOC_STRINGS = YES;
				SWIFT_VERSION = 5.0;
				TARGETED_DEVICE_FAMILY = "1,2";
			};
			name = Release;
		};
		AB000000000000000000000E /* Debug */ = {
			isa = XCBuildConfiguration;
			buildSettings = {
				ASSETCATALOG_COMPILER_APPICON_NAME = AppIcon;
				ASSETCATALOG_COMPILER_GLOBAL_ACCENT_COLOR_NAME = AccentColor;
				CODE_SIGN_ENTITLEMENTS = CycleSense/CycleSense.entitlements;
				CODE_SIGN_STYLE = Automatic;
				CURRENT_PROJECT_VERSION = 1;
				ENABLE_PREVIEWS = YES;
				GENERATE_INFOPLIST_FILE = YES;
				INFOPLIST_KEY_CFBundleDisplayName = CycleSense;
				INFOPLIST_KEY_NSHealthShareUsageDescription = "CycleSense reads your menstrual cycle and symptom data from Apple Health to show your history and predict upcoming periods.";
				INFOPLIST_KEY_NSHealthUpdateUsageDescription = "CycleSense saves the periods and symptoms you log to Apple Health so your data stays in your private Health record.";
				INFOPLIST_KEY_UIApplicationSceneManifest_Generation = YES;
				INFOPLIST_KEY_UIApplicationSupportsIndirectInputEvents = YES;
				INFOPLIST_KEY_UILaunchScreen_Generation = YES;
				INFOPLIST_KEY_UISupportedInterfaceOrientations_iPad = "UIInterfaceOrientationPortrait UIInterfaceOrientationPortraitUpsideDown UIInterfaceOrientationLandscapeLeft UIInterfaceOrientationLandscapeRight";
				INFOPLIST_KEY_UISupportedInterfaceOrientations_iPhone = "UIInterfaceOrientationPortrait UIInterfaceOrientationLandscapeLeft UIInterfaceOrientationLandscapeRight";
				IPHONEOS_DEPLOYMENT_TARGET = 18.0;
				LD_RUNPATH_SEARCH_PATHS = (
					"$(inherited)",
					"@executable_path/Frameworks",
				);
				MARKETING_VERSION = 1.0;
				PRODUCT_BUNDLE_IDENTIFIER = com.example.CycleSense;
				PRODUCT_NAME = "$(TARGET_NAME)";
				SWIFT_EMIT_LOC_STRINGS = YES;
				SWIFT_VERSION = 5.0;
				TARGETED_DEVICE_FAMILY = "1,2";
			};
			name = Debug;
		};
		AB000000000000000000000F /* Release */ = {
			isa = XCBuildConfiguration;
			buildSettings = {
				ASSETCATALOG_COMPILER_APPICON_NAME = AppIcon;
				ASSETCATALOG_COMPILER_GLOBAL_ACCENT_COLOR_NAME = AccentColor;
				CODE_SIGN_ENTITLEMENTS = CycleSense/CycleSense.entitlements;
				CODE_SIGN_STYLE = Automatic;
				CURRENT_PROJECT_VERSION = 1;
				ENABLE_PREVIEWS = YES;
				GENERATE_INFOPLIST_FILE = YES;
				INFOPLIST_KEY_CFBundleDisplayName = CycleSense;
				INFOPLIST_KEY_NSHealthShareUsageDescription = "CycleSense reads your menstrual cycle and symptom data from Apple Health to show your history and predict upcoming periods.";
				INFOPLIST_KEY_NSHealthUpdateUsageDescription = "CycleSense saves the periods and symptoms you log to Apple Health so your data stays in your private Health record.";
				INFOPLIST_KEY_UIApplicationSceneManifest_Generation = YES;
				INFOPLIST_KEY_UIApplicationSupportsIndirectInputEvents = YES;
				INFOPLIST_KEY_UILaunchScreen_Generation = YES;
				INFOPLIST_KEY_UISupportedInterfaceOrientations_iPad = "UIInterfaceOrientationPortrait UIInterfaceOrientationPortraitUpsideDown UIInterfaceOrientationLandscapeLeft UIInterfaceOrientationLandscapeRight";
				INFOPLIST_KEY_UISupportedInterfaceOrientations_iPhone = "UIInterfaceOrientationPortrait UIInterfaceOrientationLandscapeLeft UIInterfaceOrientationLandscapeRight";
				IPHONEOS_DEPLOYMENT_TARGET = 18.0;
				LD_RUNPATH_SEARCH_PATHS = (
					"$(inherited)",
					"@executable_path/Frameworks",
				);
				MARKETING_VERSION = 1.0;
				PRODUCT_BUNDLE_IDENTIFIER = com.example.CycleSense;
				PRODUCT_NAME = "$(TARGET_NAME)";
				SWIFT_EMIT_LOC_STRINGS = YES;
				SWIFT_VERSION = 5.0;
				TARGETED_DEVICE_FAMILY = "1,2";
			};
			name = Release;
		};
/* End XCBuildConfiguration section */

/* Begin XCConfigurationList section */
		AB0000000000000000000007 /* Build configuration list for PBXNativeTarget "CycleSense" */ = {
			isa = XCConfigurationList;
			buildConfigurations = (
				AB000000000000000000000E /* Debug */,
				AB000000000000000000000F /* Release */,
			);
			defaultConfigurationIsVisible = 0;
			defaultConfigurationName = Release;
		};
		AB0000000000000000000013 /* Build configuration list for PBXNativeTarget "CycleSenseTests" */ = {
			isa = XCConfigurationList;
			buildConfigurations = (
				AB0000000000000000000018 /* Debug */,
				AB0000000000000000000019 /* Release */,
			);
			defaultConfigurationIsVisible = 0;
			defaultConfigurationName = Release;
		};
		AB000000000000000000001E /* Build configuration list for PBXNativeTarget "CycleSenseWidgetExtension" */ = {
			isa = XCConfigurationList;
			buildConfigurations = (
				AB0000000000000000000026 /* Debug */,
				AB0000000000000000000027 /* Release */,
			);
			defaultConfigurationIsVisible = 0;
			defaultConfigurationName = Release;
		};
		AB000000000000000000000B /* Build configuration list for PBXProject "CycleSense" */ = {
			isa = XCConfigurationList;
			buildConfigurations = (
				AB000000000000000000000C /* Debug */,
				AB000000000000000000000D /* Release */,
			);
			defaultConfigurationIsVisible = 0;
			defaultConfigurationName = Release;
		};
/* End XCConfigurationList section */
	};
	rootObject = AB000000000000000000000A /* Project object */;
}
